
Microsoft Visual Studio Solution File, Format Version 12.00
# Visual Studio Version 17
VisualStudioVersion = 17.7.34031.279
MinimumVisualStudioVersion = 10.0.40219.1
Project("{FAE04EC0-301F-11D3-BF4B-00C04F79EFBC}") = "PracticaCV_FranciscoHC", "PracticaCV_FranciscoHC\PracticaCV_FranciscoHC.csproj", "{EFB104D7-4987-432F-9A76-9657BF68ED43}"
EndProject
Global
	GlobalSection(SolutionConfigurationPlatforms) = preSolution
		Debug|Any CPU = Debug|Any CPU
		Release|Any CPU = Release|Any CPU
	EndGlobalSection
	GlobalSection(ProjectConfigurationPlatforms) = postSolution
		{EFB104D7-4987-432F-9A76-9657BF68ED43}.Debug|Any CPU.ActiveCfg = Debug|Any CPU
		{EFB104D7-4987-432F-9A76-9657BF68ED43}.Debug|Any CPU.Build.0 = Debug|Any CPU
		{EFB104D7-4987-432F-9A76-9657BF68ED43}.Release|Any CPU.ActiveCfg = Release|Any CPU
		{EFB104D7-4987-432F-9A76-9657BF68ED43}.Release|Any CPU.Build.0 = Release|Any CPU
	EndGlobalSection
	GlobalSection(SolutionProperties) = preSolution
		HideSolutionNode = FALSE
	EndGlobalSection
	GlobalSection(ExtensibilityGlobals) = postSolution
		SolutionGuid = {7496533F-E179-4B70-8CA5-742C565E272F}
	EndGlobalSection
EndGlobal
